{
  "name": "magknit",
  "version": "1.0.0",
  "lockfileVersion": 3,
  "requires": true,
  "packages": {
    "": {
      "name": "magknit",
      "version": "1.0.0",
      "license": "MIT",
      "bin": {
        "magknit": "index.js"
      },
      "engines": {
        "node": ">=14.0.0"
      }
    }
  }
}
